
Microsoft Visual Studio Solution File, Format Version 12.00
# Visual Studio Version 17
VisualStudioVersion = 17.3.32819.101
MinimumVisualStudioVersion = 10.0.40219.1
Project("{FAE04EC0-301F-11D3-BF4B-00C04F79EFBC}") = "Asteroids", "Asteroids\Asteroids.csproj", "{23157DF4-EB85-4BC4-8ABF-58A9ED5423D6}"
EndProject
Global
	GlobalSection(SolutionConfigurationPlatforms) = preSolution
		Debug|Any CPU = Debug|Any CPU
		Release|Any CPU = Release|Any CPU
	EndGlobalSection
	GlobalSection(ProjectConfigurationPlatforms) = postSolution
		{23157DF4-EB85-4BC4-8ABF-58A9ED5423D6}.Debug|Any CPU.ActiveCfg = Debug|Any CPU
		{23157DF4-EB85-4BC4-8ABF-58A9ED5423D6}.Debug|Any CPU.Build.0 = Debug|Any CPU
		{23157DF4-EB85-4BC4-8ABF-58A9ED5423D6}.Release|Any CPU.ActiveCfg = Release|Any CPU
		{23157DF4-EB85-4BC4-8ABF-58A9ED5423D6}.Release|Any CPU.Build.0 = Release|Any CPU
	EndGlobalSection
	GlobalSection(SolutionProperties) = preSolution
		HideSolutionNode = FALSE
	EndGlobalSection
	GlobalSection(ExtensibilityGlobals) = postSolution
		SolutionGuid = {653BDB2B-2342-4167-81DA-7C1497EB6764}
	EndGlobalSection
EndGlobal
